<?xml version="1.0" encoding="utf-8"?>
<Project ToolsVersion="4.0" xmlns="http://schemas.microsoft.com/developer/msbuild/2003">
  <ItemGroup>
    <ClCompile Include="Camera.cpp">
      <Filter>Sources</Filter>
    </ClCompile>
    <ClCompile Include="Mesh.cpp">
      <Filter>Sources</Filter>
    </ClCompile>
    <ClCompile Include="Model3D.cpp">
      <Filter>Sources</Filter>
    </ClCompile>
    <ClCompile Include="stb_image.c">
      <Filter>Sources</Filter>
    </ClCompile>
    <ClCompile Include="stdafx.cpp">
      <Filter>Sources</Filter>
    </ClCompile>
    <ClCompile Include="Shader.cpp">
      <Filter>Sources</Filter>
    </ClCompile>
    <ClCompile Include="main.cpp">
      <Filter>Sources</Filter>
    </ClCompile>
    <ClCompile Include="Terrain.cpp">
      <Filter>Sources</Filter>
    </ClCompile>
    <ClCompile Include="PerlinNoise.cpp">
      <Filter>Sources</Filter>
    </ClCompile>
    <ClCompile Include="Helpers.cpp">
      <Filter>Sources</Filter>
    </ClCompile>
  </ItemGroup>
  <ItemGroup>
    <ClInclude Include="Camera.hpp">
      <Filter>Headers</Filter>
    </ClInclude>
    <ClInclude Include="Mesh.hpp">
      <Filter>Headers</Filter>
    </ClInclude>
    <ClInclude Include="Model3D.hpp">
      <Filter>Headers</Filter>
    </ClInclude>
    <ClInclude Include="Shader.hpp">
      <Filter>Headers</Filter>
    </ClInclude>
    <ClInclude Include="stb_image.h">
      <Filter>Headers</Filter>
    </ClInclude>
    <ClInclude Include="stdafx.h">
      <Filter>Headers</Filter>
    </ClInclude>
    <ClInclude Include="targetver.h">
      <Filter>Headers</Filter>
    </ClInclude>
    <ClInclude Include="tiny_obj_loader.h">
      <Filter>Headers</Filter>
    </ClInclude>
    <ClInclude Include="Terrain.hpp">
      <Filter>Headers</Filter>
    </ClInclude>
    <ClInclude Include="PerlinNoise.hpp">
      <Filter>Headers</Filter>
    </ClInclude>
    <ClInclude Include="Helpers.hpp">
      <Filter>Headers</Filter>
    </ClInclude>
  </ItemGroup>
  <ItemGroup>
    <Text Include="ReadMe.txt" />
  </ItemGroup>
  <ItemGroup>
    <Filter Include="Sources">
      <UniqueIdentifier>{03867f99-02db-43d4-884a-3b5dcffdac84}</UniqueIdentifier>
    </Filter>
    <Filter Include="Headers">
      <UniqueIdentifier>{b41f2cad-154b-4060-883c-5cd280bba7a4}</UniqueIdentifier>
    </Filter>
    <Filter Include="Shaders">
      <UniqueIdentifier>{001b9ab9-f70f-4d39-8d54-0a30b04a0832}</UniqueIdentifier>
    </Filter>
  </ItemGroup>
  <ItemGroup>
    <None Include="shaders\shaderStart.vert">
      <Filter>Shaders</Filter>
    </None>
    <None Include="shaders\terrainShader.frag">
      <Filter>Shaders</Filter>
    </None>
    <None Include="shaders\shaderStart.frag">
      <Filter>Shaders</Filter>
    </None>
    <None Include="shaders\terrainShader.vert">
      <Filter>Shaders</Filter>
    </None>
  </ItemGroup>
</Project>